# This file is generated by running "yarn install" inside your project.
# Manual changes might be lost - proceed with caution!

__metadata:
  version: 8
  cacheKey: 10c0

"precamp@workspace:.":
  version: 0.0.0-use.local
  resolution: "precamp@workspace:."
  dependencies:
    prettier: "npm:2.8.4"
  languageName: unknown
  linkType: soft

"prettier@npm:2.8.4":
  version: 2.8.4
  resolution: "prettier@npm:2.8.4"
  bin:
    prettier: bin-prettier.js
  checksum: 10c0/d272cbd842d466fbd10e7efc22fd99ebdbfb78c06c0fe8ffdaa86d50883e7b3d3fba822a86fd8a1c851ca91ec5dfc867e612071c9c54d0e29954f20954262dcb
  languageName: node
  linkType: hard
